
Microsoft Visual Studio Solution File, Format Version 11.00
# Visual Studio 2010
Project("{FAE04EC0-301F-11D3-BF4B-00C04F79EFBC}") = "Assembly-CSharp", "Assembly-CSharp.csproj", "{89bd1a07-cf38-983b-cdfa-2be93cd3c8cf}"
EndProject
Project("{FAE04EC0-301F-11D3-BF4B-00C04F79EFBC}") = "Assembly-CSharp-Editor", "Assembly-CSharp-Editor.csproj", "{e777a06a-a15f-d9c7-39ba-bb11a1c63b15}"
EndProject
Global
	GlobalSection(SolutionConfigurationPlatforms) = preSolution
		Debug|Any CPU = Debug|Any CPU
	EndGlobalSection
	GlobalSection(ProjectConfigurationPlatforms) = postSolution
		{89bd1a07-cf38-983b-cdfa-2be93cd3c8cf}.Debug|Any CPU.ActiveCfg = Debug|Any CPU
		{89bd1a07-cf38-983b-cdfa-2be93cd3c8cf}.Debug|Any CPU.Build.0 = Debug|Any CPU
		{e777a06a-a15f-d9c7-39ba-bb11a1c63b15}.Debug|Any CPU.ActiveCfg = Debug|Any CPU
		{e777a06a-a15f-d9c7-39ba-bb11a1c63b15}.Debug|Any CPU.Build.0 = Debug|Any CPU
	EndGlobalSection
	GlobalSection(SolutionProperties) = preSolution
		HideSolutionNode = FALSE
	EndGlobalSection
EndGlobal
